
Microsoft Visual Studio Solution File, Format Version 12.00
# Visual Studio Version 17
VisualStudioVersion = 17.11.35303.130
MinimumVisualStudioVersion = 10.0.40219.1
Project("{FAE04EC0-301F-11D3-BF4B-00C04F79EFBC}") = "Buoi4", "Buoi4.csproj", "{932EC95A-95C7-4155-8130-999463D7A565}"
EndProject
Global
	GlobalSection(SolutionConfigurationPlatforms) = preSolution
		Debug|Any CPU = Debug|Any CPU
		Release|Any CPU = Release|Any CPU
	EndGlobalSection
	GlobalSection(ProjectConfigurationPlatforms) = postSolution
		{932EC95A-95C7-4155-8130-999463D7A565}.Debug|Any CPU.ActiveCfg = Debug|Any CPU
		{932EC95A-95C7-4155-8130-999463D7A565}.Debug|Any CPU.Build.0 = Debug|Any CPU
		{932EC95A-95C7-4155-8130-999463D7A565}.Release|Any CPU.ActiveCfg = Release|Any CPU
		{932EC95A-95C7-4155-8130-999463D7A565}.Release|Any CPU.Build.0 = Release|Any CPU
	EndGlobalSection
	GlobalSection(SolutionProperties) = preSolution
		HideSolutionNode = FALSE
	EndGlobalSection
	GlobalSection(ExtensibilityGlobals) = postSolution
		SolutionGuid = {D3E0F7D2-8503-4101-8160-77EF9AC04BF2}
	EndGlobalSection
EndGlobal
